
Microsoft Visual Studio Solution File, Format Version 12.00
# Visual Studio 15
VisualStudioVersion = 15.0.28010.2046
MinimumVisualStudioVersion = 10.0.40219.1
Project("{8BC9CEB8-8B4A-11D0-8D11-00A0C91BC942}") = "井字棋的暴力穷举", "井字棋的暴力穷举\井字棋的暴力穷举.vcxproj", "{D3DD73AE-9F22-47E3-8C0F-F4C0BD42B09B}"
EndProject
Global
	GlobalSection(SolutionConfigurationPlatforms) = preSolution
		Debug|x64 = Debug|x64
		Debug|x86 = Debug|x86
		Release|x64 = Release|x64
		Release|x86 = Release|x86
	EndGlobalSection
	GlobalSection(ProjectConfigurationPlatforms) = postSolution
		{D3DD73AE-9F22-47E3-8C0F-F4C0BD42B09B}.Debug|x64.ActiveCfg = Debug|x64
		{D3DD73AE-9F22-47E3-8C0F-F4C0BD42B09B}.Debug|x64.Build.0 = Debug|x64
		{D3DD73AE-9F22-47E3-8C0F-F4C0BD42B09B}.Debug|x86.ActiveCfg = Debug|Win32
		{D3DD73AE-9F22-47E3-8C0F-F4C0BD42B09B}.Debug|x86.Build.0 = Debug|Win32
		{D3DD73AE-9F22-47E3-8C0F-F4C0BD42B09B}.Release|x64.ActiveCfg = Release|x64
		{D3DD73AE-9F22-47E3-8C0F-F4C0BD42B09B}.Release|x64.Build.0 = Release|x64
		{D3DD73AE-9F22-47E3-8C0F-F4C0BD42B09B}.Release|x86.ActiveCfg = Release|Win32
		{D3DD73AE-9F22-47E3-8C0F-F4C0BD42B09B}.Release|x86.Build.0 = Release|Win32
	EndGlobalSection
	GlobalSection(SolutionProperties) = preSolution
		HideSolutionNode = FALSE
	EndGlobalSection
	GlobalSection(ExtensibilityGlobals) = postSolution
		SolutionGuid = {9DE1D217-71DF-47A3-8C0A-ECEDCA7C8924}
	EndGlobalSection
EndGlobal
